// !$*UTF8*$!
{
	archiveVersion = 1;
	classes = {
	};
	objectVersion = 50;
	objects = {

/* Begin PBXBuildFile section */
		34FD543C2192E9660055A3E0 /* AppDelegate.m in Sources */ = {isa = PBXBuildFile; fileRef = 34FD543B2192E9660055A3E0 /* AppDelegate.m */; };
		34FD543F2192E9660055A3E0 /* ViewController.m in Sources */ = {isa = PBXBuildFile; fileRef = 34FD543E2192E9660055A3E0 /* ViewController.m */; };
		34FD54422192E9660055A3E0 /* Main.storyboard in Resources */ = {isa = PBXBuildFile; fileRef = 34FD54402192E9660055A3E0 /* Main.storyboard */; };
		34FD54442192E9680055A3E0 /* Assets.xcassets in Resources */ = {isa = PBXBuildFile; fileRef = 34FD54432192E9680055A3E0 /* Assets.xcassets */; };
		34FD54472192E9680055A3E0 /* LaunchScreen.storyboard in Resources */ = {isa = PBXBuildFile; fileRef = 34FD54452192E9680055A3E0 /* LaunchScreen.storyboard */; };
		34FD544A2192E9680055A3E0 /* main.m in Sources */ = {isa = PBXBuildFile; fileRef = 34FD54492192E9680055A3E0 /* main.m */; };
/* End PBXBuildFile section */

/* Begin PBXFileReference section */
		34FD54372192E9660055A3E0 /* TestRuntime.app */ = {isa = PBXFileReference; explicitFileType = wrapper.application; includeInIndex = 0; path = TestRuntime.app; sourceTree = BUILT_PRODUCTS_DIR; };
		34FD543A2192E9660055A3E0 /* AppDelegate.h */ = {isa = PBXFileReference; lastKnownFileType = sourcecode.c.h; path = AppDelegate.h; sourceTree = "<group>"; };
		34FD543B2192E9660055A3E0 /* AppDelegate.m */ = {isa = PBXFileReference; lastKnownFileType = sourcecode.c.objc; path = AppDelegate.m; sourceTree = "<group>"; };
		34FD543D2192E9660055A3E0 /* ViewController.h */ = {isa = PBXFileReference; lastKnownFileType = sourcecode.c.h; path = ViewController.h; sourceTree = "<group>"; };
		34FD543E2192E9660055A3E0 /* ViewController.m */ = {isa = PBXFileReference; lastKnownFileType = sourcecode.c.objc; path = ViewController.m; sourceTree = "<group>"; };
		34FD54412192E9660055A3E0 /* Base */ = {isa = PBXFileReference; lastKnownFileType = file.storyboard; name = Base; path = Base.lproj/Main.storyboard; sourceTree = "<group>"; };
		34FD54432192E9680055A3E0 /* Assets.xcassets */ = {isa = PBXFileReference; lastKnownFileType = folder.assetcatalog; path = Assets.xcassets; sourceTree = "<group>"; };
		34FD54462192E9680055A3E0 /* Base */ = {isa = PBXFileReference; lastKnownFileType = file.storyboard; name = Base; path = Base.lproj/LaunchScreen.storyboard; sourceTree = "<group>"; };
		34FD54482192E9680055A3E0 /* Info.plist */ = {isa = PBXFileReference; lastKnownFileType = text.plist.xml; path = Info.plist; sourceTree = "<group>"; };
		34FD54492192E9680055A3E0 /* main.m */ = {isa = PBXFileReference; lastKnownFileType = sourcecode.c.objc; path = main.m; sourceTree = "<group>"; };
/* End PBXFileReference section */

/* Begin PBXFrameworksBuildPhase section */
		34FD54342192E9660055A3E0 /* Frameworks */ = {
			isa = PBXFrameworksBuildPhase;
			buildActionMask = 2147483647;
			files = (
			);
			runOnlyForDeploymentPostprocessing = 0;
		};
/* End PBXFrameworksBuildPhase section */

/* Begin PBXGroup section */
		34FD542E2192E9660055A3E0 = {
			isa = PBXGroup;
			children = (
				34FD54392192E9660055A3E0 /* TestRuntime */,
				34FD54382192E9660055A3E0 /* Products */,
			);
			sourceTree = "<group>";
		};
		34FD54382192E9660055A3E0 /* Products */ = {
			isa = PBXGroup;
			children = (
				34FD54372192E9660055A3E0 /* TestRuntime.app */,
			);
			name = Products;
			sourceTree = "<group>";
		};
		34FD54392192E9660055A3E0 /* TestRuntime */ = {
			isa = PBXGroup;
			children = (
				34FD543A2192E9660055A3E0 /* AppDelegate.h */,
				34FD543B2192E9660055A3E0 /* AppDelegate.m */,
				34FD543D2192E9660055A3E0 /* ViewController.h */,
				34FD543E2192E9660055A3E0 /* ViewController.m */,
				34FD54402192E9660055A3E0 /* Main.storyboard */,
				34FD54432192E9680055A3E0 /* Assets.xcassets */,
				34FD54452192E9680055A3E0 /* LaunchScreen.storyboard */,
				34FD54482192E9680055A3E0 /* Info.plist */,
				34FD54492192E9680055A3E0 /* main.m */,
			);
			path = TestRuntime;
			sourceTree = "<group>";
		};
/* End PBXGroup section */

/* Begin PBXNativeTarget section */
		34FD54362192E9660055A3E0 /* TestRuntime */ = {
			isa = PBXNativeTarget;
			buildConfigurationList = 34FD544D2192E9680055A3E0 /* Build configuration list for PBXNativeTarget "TestRuntime" */;
			buildPhases = (
				34FD54332192E9660055A3E0 /* Sources */,
				34FD54342192E9660055A3E0 /* Frameworks */,
				34FD54352192E9660055A3E0 /* Resources */,
			);
			buildRules = (
			);
			dependencies = (
			);
			name = TestRuntime;
			productName = TestRuntime;
			productReference = 34FD54372192E9660055A3E0 /* TestRuntime.app */;
			productType = "com.apple.product-type.application";
		};
/* End PBXNativeTarget section */

/* Begin PBXProject section */
		34FD542F2192E9660055A3E0 /* Project object */ = {
			isa = PBXProject;
			attributes = {
				LastUpgradeCheck = 1010;
				ORGANIZATIONNAME = Shane;
				TargetAttributes = {
					34FD54362192E9660055A3E0 = {
						CreatedOnToolsVersion = 10.1;
					};
				};
			};
			buildConfigurationList = 34FD54322192E9660055A3E0 /* Build configuration list for PBXProject "TestRuntime" */;
			compatibilityVersion = "Xcode 9.3";
			developmentRegion = en;
			hasScannedForEncodings = 0;
			knownRegions = (
				en,
				Base,
			);
			mainGroup = 34FD542E2192E9660055A3E0;
			productRefGroup = 34FD54382192E9660055A3E0 /* Products */;
			projectDirPath = "";
			projectRoot = "";
			targets = (
				34FD54362192E9660055A3E0 /* TestRuntime */,
			);
		};
/* End PBXProject section */

/* Begin PBXResourcesBuildPhase section */
		34FD54352192E9660055A3E0 /* Resources */ = {
			isa = PBXResourcesBuildPhase;
			buildActionMask = 2147483647;
			files = (
				34FD54472192E9680055A3E0 /* LaunchScreen.storyboard in Resources */,
				34FD54442192E9680055A3E0 /* Assets.xcassets in Resources */,
				34FD54422192E9660055A3E0 /* Main.storyboard in Resources */,
			);
			runOnlyForDeploymentPostprocessing = 0;
		};
/* End PBXResourcesBuildPhase section */

/* Begin PBXSourcesBuildPhase section */
		34FD54332192E9660055A3E0 /* Sources */ = {
			isa = PBXSourcesBuildPhase;
			buildActionMask = 2147483647;
			files = (
				34FD543F2192E9660055A3E0 /* ViewController.m in Sources */,
				34FD544A2192E9680055A3E0 /* main.m in Sources */,
				34FD543C2192E9660055A3E0 /* AppDelegate.m in Sources */,
			);
			runOnlyForDeploymentPostprocessing = 0;
		};
/* End PBXSourcesBuildPhase section */

/* Begin PBXVariantGroup section */
		34FD54402192E9660055A3E0 /* Main.storyboard */ = {
			isa = PBXVariantGroup;
			children = (
				34FD54412192E9660055A3E0 /* Base */,
			);
			name = Main.storyboard;
			sourceTree = "<group>";
		};
		34FD54452192E9680055A3E0 /* LaunchScreen.storyboard */ = {
			isa = PBXVariantGroup;
			children = (
				34FD54462192E9680055A3E0 /* Base */,
			);
			name = LaunchScreen.storyboard;
			sourceTree = "<group>";
		};
/* End PBXVariantGroup section */

/* Begin XCBuildConfiguration section */
		34FD544B2192E9680055A3E0 /* Debug */ = {
			isa = XCBuildConfiguration;
			buildSettings = {
				ALWAYS_SEARCH_USER_PATHS = NO;
				CLANG_ANALYZER_NONNULL = YES;
				CLANG_ANALYZER_NUMBER_OBJECT_CONVERSION = YES_AGGRESSIVE;
				CLANG_CXX_LANGUAGE_STANDARD = "gnu++14";
				CLANG_CXX_LIBRARY = "libc++";
				CLANG_ENABLE_MODULES = YES;
				CLANG_ENABLE_OBJC_ARC = YES;
				CLANG_ENABLE_OBJC_WEAK = YES;
				CLANG_WARN_BLOCK_CAPTURE_AUTORELEASING = YES;
				CLANG_WARN_BOOL_CONVERSION = YES;
				CLANG_WARN_COMMA = YES;
				CLANG_WARN_CONSTANT_CONVERSION = YES;
				CLANG_WARN_DEPRECATED_OBJC_IMPLEMENTATIONS = YES;
				CLANG_WARN_DIRECT_OBJC_ISA_USAGE = YES_ERROR;
				CLANG_WARN_DOCUMENTATION_COMMENTS = YES;
				CLANG_WARN_EMPTY_BODY = YES;
				CLANG_WARN_ENUM_CONVERSION = YES;
				CLANG_WARN_INFINITE_RECURSION = YES;
				CLANG_WARN_INT_CONVERSION = YES;
				CLANG_WARN_NON_LITERAL_NULL_CONVERSION = YES;
				CLANG_WARN_OBJC_IMPLICIT_RETAIN_SELF = YES;
				CLANG_WARN_OBJC_LITERAL_CONVERSION = YES;
				CLANG_WARN_OBJC_ROOT_CLASS = YES_ERROR;
				CLANG_WARN_RANGE_LOOP_ANALYSIS = YES;
				CLANG_WARN_STRICT_PROTOTYPES = YES;
				CLANG_WARN_SUSPICIOUS_MOVE = YES;
				CLANG_WARN_UNGUARDED_AVAILABILITY = YES_AGGRESSIVE;
				CLANG_WARN_UNREACHABLE_CODE = YES;
				CLANG_WARN__DUPLICATE_METHOD_MATCH = YES;
				CODE_SIGN_IDENTITY = "iPhone Developer";
				COPY_PHASE_STRIP = NO;
				DEBUG_INFORMATION_FORMAT = dwarf;
				ENABLE_STRICT_OBJC_MSGSEND = YES;
				ENABLE_TESTABILITY = YES;
				GCC_C_LANGUAGE_STANDARD = gnu11;
				GCC_DYNAMIC_NO_PIC = NO;
				GCC_NO_COMMON_BLOCKS = YES;
				GCC_OPTIMIZATION_LEVEL = 0;
				GCC_PREPROCESSOR_DEFINITIONS = (
					"DEBUG=1",
					"$(inherited)",
				);
				GCC_WARN_64_TO_32_BIT_CONVERSION = YES;
				GCC_WARN_ABOUT_RETURN_TYPE = YES_ERROR;
				GCC_WARN_UNDECLARED_SELECTOR = YES;
				GCC_WARN_UNINITIALIZED_AUTOS = YES_AGGRESSIVE;
				GCC_WARN_UNUSED_FUNCTION = YES;
				GCC_WARN_UNUSED_VARIABLE = YES;
				IPHONEOS_DEPLOYMENT_TARGET = 12.1;
				MTL_ENABLE_DEBUG_INFO = INCLUDE_SOURCE;
				MTL_FAST_MATH = YES;
				ONLY_ACTIVE_ARCH = YES;
				SDKROOT = iphoneos;
			};
			name = Debug;
		};
		34FD544C2192E9680055A3E0 /* Release */ = {
			isa = XCBuildConfiguration;
			buildSettings = {
				ALWAYS_SEARCH_USER_PATHS = NO;
				CLANG_ANALYZER_NONNULL = YES;
				CLANG_ANALYZER_NUMBER_OBJECT_CONVERSION = YES_AGGRESSIVE;
				CLANG_CXX_LANGUAGE_STANDARD = "gnu++14";
				CLANG_CXX_LIBRARY = "libc++";
				CLANG_ENABLE_MODULES = YES;
				CLANG_ENABLE_OBJC_ARC = YES;
				CLANG_ENABLE_OBJC_WEAK = YES;
				CLANG_WARN_BLOCK_CAPTURE_AUTORELEASING = YES;
				CLANG_WARN_BOOL_CONVERSION = YES;
				CLANG_WARN_COMMA = YES;
				CLANG_WARN_CONSTANT_CONVERSION = YES;
				CLANG_WARN_DEPRECATED_OBJC_IMPLEMENTATIONS = YES;
				CLANG_WARN_DIRECT_OBJC_ISA_USAGE = YES_ERROR;
				CLANG_WARN_DOCUMENTATION_COMMENTS = YES;
				CLANG_WARN_EMPTY_BODY = YES;
				CLANG_WARN_ENUM_CONVERSION = YES;
				CLANG_WARN_INFINITE_RECURSION = YES;
				CLANG_WARN_INT_CONVERSION = YES;
				CLANG_WARN_NON_LITERAL_NULL_CONVERSION = YES;
				CLANG_WARN_OBJC_IMPLICIT_RETAIN_SELF = YES;
				CLANG_WARN_OBJC_LITERAL_CONVERSION = YES;
				CLANG_WARN_OBJC_ROOT_CLASS = YES_ERROR;
				CLANG_WARN_RANGE_LOOP_ANALYSIS = YES;
				CLANG_WARN_STRICT_PROTOTYPES = YES;
				CLANG_WARN_SUSPICIOUS_MOVE = YES;
				CLANG_WARN_UNGUARDED_AVAILABILITY = YES_AGGRESSIVE;
				CLANG_WARN_UNREACHABLE_CODE = YES;
				CLANG_WARN__DUPLICATE_METHOD_MATCH = YES;
				CODE_SIGN_IDENTITY = "iPhone Developer";
				COPY_PHASE_STRIP = NO;
				DEBUG_INFORMATION_FORMAT = "dwarf-with-dsym";
				ENABLE_NS_ASSERTIONS = NO;
				ENABLE_STRICT_OBJC_MSGSEND = YES;
				GCC_C_LANGUAGE_STANDARD = gnu11;
				GCC_NO_COMMON_BLOCKS = YES;
				GCC_WARN_64_TO_32_BIT_CONVERSION = YES;
				GCC_WARN_ABOUT_RETURN_TYPE = YES_ERROR;
				GCC_WARN_UNDECLARED_SELECTOR = YES;
				GCC_WARN_UNINITIALIZED_AUTOS = YES_AGGRESSIVE;
				GCC_WARN_UNUSED_FUNCTION = YES;
				GCC_WARN_UNUSED_VARIABLE = YES;
				IPHONEOS_DEPLOYMENT_TARGET = 12.1;
				MTL_ENABLE_DEBUG_INFO = NO;
				MTL_FAST_MATH = YES;
				SDKROOT = iphoneos;
				VALIDATE_PRODUCT = YES;
			};
			name = Release;
		};
		34FD544E2192E9680055A3E0 /* Debug */ = {
			isa = XCBuildConfiguration;
			buildSettings = {
				ASSETCATALOG_COMPILER_APPICON_NAME = AppIcon;
				CODE_SIGN_STYLE = Automatic;
				DEVELOPMENT_TEAM = X7726X2Q4X;
				INFOPLIST_FILE = TestRuntime/Info.plist;
				LD_RUNPATH_SEARCH_PATHS = (
					"$(inherited)",
					"@executable_path/Frameworks",
				);
				PRODUCT_BUNDLE_IDENTIFIER = Shanesun.TestRuntime;
				PRODUCT_NAME = "$(TARGET_NAME)";
				TARGETED_DEVICE_FAMILY = "1,2";
			};
			name = Debug;
		};
		34FD544F2192E9680055A3E0 /* Release */ = {
			isa = XCBuildConfiguration;
			buildSettings = {
				ASSETCATALOG_COMPILER_APPICON_NAME = AppIcon;
				CODE_SIGN_STYLE = Automatic;
				DEVELOPMENT_TEAM = X7726X2Q4X;
				INFOPLIST_FILE = TestRuntime/Info.plist;
				LD_RUNPATH_SEARCH_PATHS = (
					"$(inherited)",
					"@executable_path/Frameworks",
				);
				PRODUCT_BUNDLE_IDENTIFIER = Shanesun.TestRuntime;
				PRODUCT_NAME = "$(TARGET_NAME)";
				TARGETED_DEVICE_FAMILY = "1,2";
			};
			name = Release;
		};
/* End XCBuildConfiguration section */

/* Begin XCConfigurationList section */
		34FD54322192E9660055A3E0 /* Build configuration list for PBXProject "TestRuntime" */ = {
			isa = XCConfigurationList;
			buildConfigurations = (
				34FD544B2192E9680055A3E0 /* Debug */,
				34FD544C2192E9680055A3E0 /* Release */,
			);
			defaultConfigurationIsVisible = 0;
			defaultConfigurationName = Release;
		};
		34FD544D2192E9680055A3E0 /* Build configuration list for PBXNativeTarget "TestRuntime" */ = {
			isa = XCConfigurationList;
			buildConfigurations = (
				34FD544E2192E9680055A3E0 /* Debug */,
				34FD544F2192E9680055A3E0 /* Release */,
			);
			defaultConfigurationIsVisible = 0;
			defaultConfigurationName = Release;
		};
/* End XCConfigurationList section */
	};
	rootObject = 34FD542F2192E9660055A3E0 /* Project object */;
}
