// !$*UTF8*$!
{
	archiveVersion = 1;
	classes = {
	};
	objectVersion = 50;
	objects = {

/* Begin PBXBuildFile section */
		3461BF8821BE53860057924C /* AppDelegate.m in Sources */ = {isa = PBXBuildFile; fileRef = 3461BF8721BE53860057924C /* AppDelegate.m */; };
		3461BF8B21BE53860057924C /* ViewController.m in Sources */ = {isa = PBXBuildFile; fileRef = 3461BF8A21BE53860057924C /* ViewController.m */; };
		3461BF8E21BE53860057924C /* Main.storyboard in Resources */ = {isa = PBXBuildFile; fileRef = 3461BF8C21BE53860057924C /* Main.storyboard */; };
		3461BF9021BE53890057924C /* Assets.xcassets in Resources */ = {isa = PBXBuildFile; fileRef = 3461BF8F21BE53890057924C /* Assets.xcassets */; };
		3461BF9321BE53890057924C /* LaunchScreen.storyboard in Resources */ = {isa = PBXBuildFile; fileRef = 3461BF9121BE53890057924C /* LaunchScreen.storyboard */; };
		3461BF9621BE53890057924C /* main.m in Sources */ = {isa = PBXBuildFile; fileRef = 3461BF9521BE53890057924C /* main.m */; };
		3461BFA021BE538A0057924C /* TestGCDTests.m in Sources */ = {isa = PBXBuildFile; fileRef = 3461BF9F21BE538A0057924C /* TestGCDTests.m */; };
/* End PBXBuildFile section */

/* Begin PBXContainerItemProxy section */
		3461BF9C21BE538A0057924C /* PBXContainerItemProxy */ = {
			isa = PBXContainerItemProxy;
			containerPortal = 3461BF7B21BE53850057924C /* Project object */;
			proxyType = 1;
			remoteGlobalIDString = 3461BF8221BE53860057924C;
			remoteInfo = TestGCD;
		};
/* End PBXContainerItemProxy section */

/* Begin PBXFileReference section */
		3461BF8321BE53860057924C /* TestGCD.app */ = {isa = PBXFileReference; explicitFileType = wrapper.application; includeInIndex = 0; path = TestGCD.app; sourceTree = BUILT_PRODUCTS_DIR; };
		3461BF8621BE53860057924C /* AppDelegate.h */ = {isa = PBXFileReference; lastKnownFileType = sourcecode.c.h; path = AppDelegate.h; sourceTree = "<group>"; };
		3461BF8721BE53860057924C /* AppDelegate.m */ = {isa = PBXFileReference; lastKnownFileType = sourcecode.c.objc; path = AppDelegate.m; sourceTree = "<group>"; };
		3461BF8921BE53860057924C /* ViewController.h */ = {isa = PBXFileReference; lastKnownFileType = sourcecode.c.h; path = ViewController.h; sourceTree = "<group>"; };
		3461BF8A21BE53860057924C /* ViewController.m */ = {isa = PBXFileReference; lastKnownFileType = sourcecode.c.objc; path = ViewController.m; sourceTree = "<group>"; };
		3461BF8D21BE53860057924C /* Base */ = {isa = PBXFileReference; lastKnownFileType = file.storyboard; name = Base; path = Base.lproj/Main.storyboard; sourceTree = "<group>"; };
		3461BF8F21BE53890057924C /* Assets.xcassets */ = {isa = PBXFileReference; lastKnownFileType = folder.assetcatalog; path = Assets.xcassets; sourceTree = "<group>"; };
		3461BF9221BE53890057924C /* Base */ = {isa = PBXFileReference; lastKnownFileType = file.storyboard; name = Base; path = Base.lproj/LaunchScreen.storyboard; sourceTree = "<group>"; };
		3461BF9421BE53890057924C /* Info.plist */ = {isa = PBXFileReference; lastKnownFileType = text.plist.xml; path = Info.plist; sourceTree = "<group>"; };
		3461BF9521BE53890057924C /* main.m */ = {isa = PBXFileReference; lastKnownFileType = sourcecode.c.objc; path = main.m; sourceTree = "<group>"; };
		3461BF9B21BE538A0057924C /* TestGCDTests.xctest */ = {isa = PBXFileReference; explicitFileType = wrapper.cfbundle; includeInIndex = 0; path = TestGCDTests.xctest; sourceTree = BUILT_PRODUCTS_DIR; };
		3461BF9F21BE538A0057924C /* TestGCDTests.m */ = {isa = PBXFileReference; lastKnownFileType = sourcecode.c.objc; path = TestGCDTests.m; sourceTree = "<group>"; };
		3461BFA121BE538A0057924C /* Info.plist */ = {isa = PBXFileReference; lastKnownFileType = text.plist.xml; path = Info.plist; sourceTree = "<group>"; };
/* End PBXFileReference section */

/* Begin PBXFrameworksBuildPhase section */
		3461BF8021BE53860057924C /* Frameworks */ = {
			isa = PBXFrameworksBuildPhase;
			buildActionMask = 2147483647;
			files = (
			);
			runOnlyForDeploymentPostprocessing = 0;
		};
		3461BF9821BE538A0057924C /* Frameworks */ = {
			isa = PBXFrameworksBuildPhase;
			buildActionMask = 2147483647;
			files = (
			);
			runOnlyForDeploymentPostprocessing = 0;
		};
/* End PBXFrameworksBuildPhase section */

/* Begin PBXGroup section */
		3461BF7A21BE53850057924C = {
			isa = PBXGroup;
			children = (
				3461BF8521BE53860057924C /* TestGCD */,
				3461BF9E21BE538A0057924C /* TestGCDTests */,
				3461BF8421BE53860057924C /* Products */,
			);
			sourceTree = "<group>";
		};
		3461BF8421BE53860057924C /* Products */ = {
			isa = PBXGroup;
			children = (
				3461BF8321BE53860057924C /* TestGCD.app */,
				3461BF9B21BE538A0057924C /* TestGCDTests.xctest */,
			);
			name = Products;
			sourceTree = "<group>";
		};
		3461BF8521BE53860057924C /* TestGCD */ = {
			isa = PBXGroup;
			children = (
				3461BF8621BE53860057924C /* AppDelegate.h */,
				3461BF8721BE53860057924C /* AppDelegate.m */,
				3461BF8921BE53860057924C /* ViewController.h */,
				3461BF8A21BE53860057924C /* ViewController.m */,
				3461BF8C21BE53860057924C /* Main.storyboard */,
				3461BF8F21BE53890057924C /* Assets.xcassets */,
				3461BF9121BE53890057924C /* LaunchScreen.storyboard */,
				3461BF9421BE53890057924C /* Info.plist */,
				3461BF9521BE53890057924C /* main.m */,
			);
			path = TestGCD;
			sourceTree = "<group>";
		};
		3461BF9E21BE538A0057924C /* TestGCDTests */ = {
			isa = PBXGroup;
			children = (
				3461BF9F21BE538A0057924C /* TestGCDTests.m */,
				3461BFA121BE538A0057924C /* Info.plist */,
			);
			path = TestGCDTests;
			sourceTree = "<group>";
		};
/* End PBXGroup section */

/* Begin PBXNativeTarget section */
		3461BF8221BE53860057924C /* TestGCD */ = {
			isa = PBXNativeTarget;
			buildConfigurationList = 3461BFA421BE538A0057924C /* Build configuration list for PBXNativeTarget "TestGCD" */;
			buildPhases = (
				3461BF7F21BE53860057924C /* Sources */,
				3461BF8021BE53860057924C /* Frameworks */,
				3461BF8121BE53860057924C /* Resources */,
			);
			buildRules = (
			);
			dependencies = (
			);
			name = TestGCD;
			productName = TestGCD;
			productReference = 3461BF8321BE53860057924C /* TestGCD.app */;
			productType = "com.apple.product-type.application";
		};
		3461BF9A21BE538A0057924C /* TestGCDTests */ = {
			isa = PBXNativeTarget;
			buildConfigurationList = 3461BFA721BE538A0057924C /* Build configuration list for PBXNativeTarget "TestGCDTests" */;
			buildPhases = (
				3461BF9721BE538A0057924C /* Sources */,
				3461BF9821BE538A0057924C /* Frameworks */,
				3461BF9921BE538A0057924C /* Resources */,
			);
			buildRules = (
			);
			dependencies = (
				3461BF9D21BE538A0057924C /* PBXTargetDependency */,
			);
			name = TestGCDTests;
			productName = TestGCDTests;
			productReference = 3461BF9B21BE538A0057924C /* TestGCDTests.xctest */;
			productType = "com.apple.product-type.bundle.unit-test";
		};
/* End PBXNativeTarget section */

/* Begin PBXProject section */
		3461BF7B21BE53850057924C /* Project object */ = {
			isa = PBXProject;
			attributes = {
				LastUpgradeCheck = 1010;
				ORGANIZATIONNAME = Shane;
				TargetAttributes = {
					3461BF8221BE53860057924C = {
						CreatedOnToolsVersion = 10.1;
					};
					3461BF9A21BE538A0057924C = {
						CreatedOnToolsVersion = 10.1;
						TestTargetID = 3461BF8221BE53860057924C;
					};
				};
			};
			buildConfigurationList = 3461BF7E21BE53850057924C /* Build configuration list for PBXProject "TestGCD" */;
			compatibilityVersion = "Xcode 9.3";
			developmentRegion = en;
			hasScannedForEncodings = 0;
			knownRegions = (
				en,
				Base,
			);
			mainGroup = 3461BF7A21BE53850057924C;
			productRefGroup = 3461BF8421BE53860057924C /* Products */;
			projectDirPath = "";
			projectRoot = "";
			targets = (
				3461BF8221BE53860057924C /* TestGCD */,
				3461BF9A21BE538A0057924C /* TestGCDTests */,
			);
		};
/* End PBXProject section */

/* Begin PBXResourcesBuildPhase section */
		3461BF8121BE53860057924C /* Resources */ = {
			isa = PBXResourcesBuildPhase;
			buildActionMask = 2147483647;
			files = (
				3461BF9321BE53890057924C /* LaunchScreen.storyboard in Resources */,
				3461BF9021BE53890057924C /* Assets.xcassets in Resources */,
				3461BF8E21BE53860057924C /* Main.storyboard in Resources */,
			);
			runOnlyForDeploymentPostprocessing = 0;
		};
		3461BF9921BE538A0057924C /* Resources */ = {
			isa = PBXResourcesBuildPhase;
			buildActionMask = 2147483647;
			files = (
			);
			runOnlyForDeploymentPostprocessing = 0;
		};
/* End PBXResourcesBuildPhase section */

/* Begin PBXSourcesBuildPhase section */
		3461BF7F21BE53860057924C /* Sources */ = {
			isa = PBXSourcesBuildPhase;
			buildActionMask = 2147483647;
			files = (
				3461BF8B21BE53860057924C /* ViewController.m in Sources */,
				3461BF9621BE53890057924C /* main.m in Sources */,
				3461BF8821BE53860057924C /* AppDelegate.m in Sources */,
			);
			runOnlyForDeploymentPostprocessing = 0;
		};
		3461BF9721BE538A0057924C /* Sources */ = {
			isa = PBXSourcesBuildPhase;
			buildActionMask = 2147483647;
			files = (
				3461BFA021BE538A0057924C /* TestGCDTests.m in Sources */,
			);
			runOnlyForDeploymentPostprocessing = 0;
		};
/* End PBXSourcesBuildPhase section */

/* Begin PBXTargetDependency section */
		3461BF9D21BE538A0057924C /* PBXTargetDependency */ = {
			isa = PBXTargetDependency;
			target = 3461BF8221BE53860057924C /* TestGCD */;
			targetProxy = 3461BF9C21BE538A0057924C /* PBXContainerItemProxy */;
		};
/* End PBXTargetDependency section */

/* Begin PBXVariantGroup section */
		3461BF8C21BE53860057924C /* Main.storyboard */ = {
			isa = PBXVariantGroup;
			children = (
				3461BF8D21BE53860057924C /* Base */,
			);
			name = Main.storyboard;
			sourceTree = "<group>";
		};
		3461BF9121BE53890057924C /* LaunchScreen.storyboard */ = {
			isa = PBXVariantGroup;
			children = (
				3461BF9221BE53890057924C /* Base */,
			);
			name = LaunchScreen.storyboard;
			sourceTree = "<group>";
		};
/* End PBXVariantGroup section */

/* Begin XCBuildConfiguration section */
		3461BFA221BE538A0057924C /* Debug */ = {
			isa = XCBuildConfiguration;
			buildSettings = {
				ALWAYS_SEARCH_USER_PATHS = NO;
				CLANG_ANALYZER_NONNULL = YES;
				CLANG_ANALYZER_NUMBER_OBJECT_CONVERSION = YES_AGGRESSIVE;
				CLANG_CXX_LANGUAGE_STANDARD = "gnu++14";
				CLANG_CXX_LIBRARY = "libc++";
				CLANG_ENABLE_MODULES = YES;
				CLANG_ENABLE_OBJC_ARC = YES;
				CLANG_ENABLE_OBJC_WEAK = YES;
				CLANG_WARN_BLOCK_CAPTURE_AUTORELEASING = YES;
				CLANG_WARN_BOOL_CONVERSION = YES;
				CLANG_WARN_COMMA = YES;
				CLANG_WARN_CONSTANT_CONVERSION = YES;
				CLANG_WARN_DEPRECATED_OBJC_IMPLEMENTATIONS = YES;
				CLANG_WARN_DIRECT_OBJC_ISA_USAGE = YES_ERROR;
				CLANG_WARN_DOCUMENTATION_COMMENTS = YES;
				CLANG_WARN_EMPTY_BODY = YES;
				CLANG_WARN_ENUM_CONVERSION = YES;
				CLANG_WARN_INFINITE_RECURSION = YES;
				CLANG_WARN_INT_CONVERSION = YES;
				CLANG_WARN_NON_LITERAL_NULL_CONVERSION = YES;
				CLANG_WARN_OBJC_IMPLICIT_RETAIN_SELF = YES;
				CLANG_WARN_OBJC_LITERAL_CONVERSION = YES;
				CLANG_WARN_OBJC_ROOT_CLASS = YES_ERROR;
				CLANG_WARN_RANGE_LOOP_ANALYSIS = YES;
				CLANG_WARN_STRICT_PROTOTYPES = YES;
				CLANG_WARN_SUSPICIOUS_MOVE = YES;
				CLANG_WARN_UNGUARDED_AVAILABILITY = YES_AGGRESSIVE;
				CLANG_WARN_UNREACHABLE_CODE = YES;
				CLANG_WARN__DUPLICATE_METHOD_MATCH = YES;
				CODE_SIGN_IDENTITY = "iPhone Developer";
				COPY_PHASE_STRIP = NO;
				DEBUG_INFORMATION_FORMAT = dwarf;
				ENABLE_STRICT_OBJC_MSGSEND = YES;
				ENABLE_TESTABILITY = YES;
				GCC_C_LANGUAGE_STANDARD = gnu11;
				GCC_DYNAMIC_NO_PIC = NO;
				GCC_NO_COMMON_BLOCKS = YES;
				GCC_OPTIMIZATION_LEVEL = 0;
				GCC_PREPROCESSOR_DEFINITIONS = (
					"DEBUG=1",
					"$(inherited)",
				);
				GCC_WARN_64_TO_32_BIT_CONVERSION = YES;
				GCC_WARN_ABOUT_RETURN_TYPE = YES_ERROR;
				GCC_WARN_UNDECLARED_SELECTOR = YES;
				GCC_WARN_UNINITIALIZED_AUTOS = YES_AGGRESSIVE;
				GCC_WARN_UNUSED_FUNCTION = YES;
				GCC_WARN_UNUSED_VARIABLE = YES;
				IPHONEOS_DEPLOYMENT_TARGET = 12.1;
				MTL_ENABLE_DEBUG_INFO = INCLUDE_SOURCE;
				MTL_FAST_MATH = YES;
				ONLY_ACTIVE_ARCH = YES;
				SDKROOT = iphoneos;
			};
			name = Debug;
		};
		3461BFA321BE538A0057924C /* Release */ = {
			isa = XCBuildConfiguration;
			buildSettings = {
				ALWAYS_SEARCH_USER_PATHS = NO;
				CLANG_ANALYZER_NONNULL = YES;
				CLANG_ANALYZER_NUMBER_OBJECT_CONVERSION = YES_AGGRESSIVE;
				CLANG_CXX_LANGUAGE_STANDARD = "gnu++14";
				CLANG_CXX_LIBRARY = "libc++";
				CLANG_ENABLE_MODULES = YES;
				CLANG_ENABLE_OBJC_ARC = YES;
				CLANG_ENABLE_OBJC_WEAK = YES;
				CLANG_WARN_BLOCK_CAPTURE_AUTORELEASING = YES;
				CLANG_WARN_BOOL_CONVERSION = YES;
				CLANG_WARN_COMMA = YES;
				CLANG_WARN_CONSTANT_CONVERSION = YES;
				CLANG_WARN_DEPRECATED_OBJC_IMPLEMENTATIONS = YES;
				CLANG_WARN_DIRECT_OBJC_ISA_USAGE = YES_ERROR;
				CLANG_WARN_DOCUMENTATION_COMMENTS = YES;
				CLANG_WARN_EMPTY_BODY = YES;
				CLANG_WARN_ENUM_CONVERSION = YES;
				CLANG_WARN_INFINITE_RECURSION = YES;
				CLANG_WARN_INT_CONVERSION = YES;
				CLANG_WARN_NON_LITERAL_NULL_CONVERSION = YES;
				CLANG_WARN_OBJC_IMPLICIT_RETAIN_SELF = YES;
				CLANG_WARN_OBJC_LITERAL_CONVERSION = YES;
				CLANG_WARN_OBJC_ROOT_CLASS = YES_ERROR;
				CLANG_WARN_RANGE_LOOP_ANALYSIS = YES;
				CLANG_WARN_STRICT_PROTOTYPES = YES;
				CLANG_WARN_SUSPICIOUS_MOVE = YES;
				CLANG_WARN_UNGUARDED_AVAILABILITY = YES_AGGRESSIVE;
				CLANG_WARN_UNREACHABLE_CODE = YES;
				CLANG_WARN__DUPLICATE_METHOD_MATCH = YES;
				CODE_SIGN_IDENTITY = "iPhone Developer";
				COPY_PHASE_STRIP = NO;
				DEBUG_INFORMATION_FORMAT = "dwarf-with-dsym";
				ENABLE_NS_ASSERTIONS = NO;
				ENABLE_STRICT_OBJC_MSGSEND = YES;
				GCC_C_LANGUAGE_STANDARD = gnu11;
				GCC_NO_COMMON_BLOCKS = YES;
				GCC_WARN_64_TO_32_BIT_CONVERSION = YES;
				GCC_WARN_ABOUT_RETURN_TYPE = YES_ERROR;
				GCC_WARN_UNDECLARED_SELECTOR = YES;
				GCC_WARN_UNINITIALIZED_AUTOS = YES_AGGRESSIVE;
				GCC_WARN_UNUSED_FUNCTION = YES;
				GCC_WARN_UNUSED_VARIABLE = YES;
				IPHONEOS_DEPLOYMENT_TARGET = 12.1;
				MTL_ENABLE_DEBUG_INFO = NO;
				MTL_FAST_MATH = YES;
				SDKROOT = iphoneos;
				VALIDATE_PRODUCT = YES;
			};
			name = Release;
		};
		3461BFA521BE538A0057924C /* Debug */ = {
			isa = XCBuildConfiguration;
			buildSettings = {
				ASSETCATALOG_COMPILER_APPICON_NAME = AppIcon;
				CODE_SIGN_STYLE = Automatic;
				INFOPLIST_FILE = TestGCD/Info.plist;
				LD_RUNPATH_SEARCH_PATHS = (
					"$(inherited)",
					"@executable_path/Frameworks",
				);
				PRODUCT_BUNDLE_IDENTIFIER = Shanesun.TestGCD;
				PRODUCT_NAME = "$(TARGET_NAME)";
				TARGETED_DEVICE_FAMILY = "1,2";
			};
			name = Debug;
		};
		3461BFA621BE538A0057924C /* Release */ = {
			isa = XCBuildConfiguration;
			buildSettings = {
				ASSETCATALOG_COMPILER_APPICON_NAME = AppIcon;
				CODE_SIGN_STYLE = Automatic;
				INFOPLIST_FILE = TestGCD/Info.plist;
				LD_RUNPATH_SEARCH_PATHS = (
					"$(inherited)",
					"@executable_path/Frameworks",
				);
				PRODUCT_BUNDLE_IDENTIFIER = Shanesun.TestGCD;
				PRODUCT_NAME = "$(TARGET_NAME)";
				TARGETED_DEVICE_FAMILY = "1,2";
			};
			name = Release;
		};
		3461BFA821BE538A0057924C /* Debug */ = {
			isa = XCBuildConfiguration;
			buildSettings = {
				BUNDLE_LOADER = "$(TEST_HOST)";
				CODE_SIGN_STYLE = Automatic;
				INFOPLIST_FILE = TestGCDTests/Info.plist;
				LD_RUNPATH_SEARCH_PATHS = (
					"$(inherited)",
					"@executable_path/Frameworks",
					"@loader_path/Frameworks",
				);
				PRODUCT_BUNDLE_IDENTIFIER = Shanesun.TestGCDTests;
				PRODUCT_NAME = "$(TARGET_NAME)";
				TARGETED_DEVICE_FAMILY = "1,2";
				TEST_HOST = "$(BUILT_PRODUCTS_DIR)/TestGCD.app/TestGCD";
			};
			name = Debug;
		};
		3461BFA921BE538A0057924C /* Release */ = {
			isa = XCBuildConfiguration;
			buildSettings = {
				BUNDLE_LOADER = "$(TEST_HOST)";
				CODE_SIGN_STYLE = Automatic;
				INFOPLIST_FILE = TestGCDTests/Info.plist;
				LD_RUNPATH_SEARCH_PATHS = (
					"$(inherited)",
					"@executable_path/Frameworks",
					"@loader_path/Frameworks",
				);
				PRODUCT_BUNDLE_IDENTIFIER = Shanesun.TestGCDTests;
				PRODUCT_NAME = "$(TARGET_NAME)";
				TARGETED_DEVICE_FAMILY = "1,2";
				TEST_HOST = "$(BUILT_PRODUCTS_DIR)/TestGCD.app/TestGCD";
			};
			name = Release;
		};
/* End XCBuildConfiguration section */

/* Begin XCConfigurationList section */
		3461BF7E21BE53850057924C /* Build configuration list for PBXProject "TestGCD" */ = {
			isa = XCConfigurationList;
			buildConfigurations = (
				3461BFA221BE538A0057924C /* Debug */,
				3461BFA321BE538A0057924C /* Release */,
			);
			defaultConfigurationIsVisible = 0;
			defaultConfigurationName = Release;
		};
		3461BFA421BE538A0057924C /* Build configuration list for PBXNativeTarget "TestGCD" */ = {
			isa = XCConfigurationList;
			buildConfigurations = (
				3461BFA521BE538A0057924C /* Debug */,
				3461BFA621BE538A0057924C /* Release */,
			);
			defaultConfigurationIsVisible = 0;
			defaultConfigurationName = Release;
		};
		3461BFA721BE538A0057924C /* Build configuration list for PBXNativeTarget "TestGCDTests" */ = {
			isa = XCConfigurationList;
			buildConfigurations = (
				3461BFA821BE538A0057924C /* Debug */,
				3461BFA921BE538A0057924C /* Release */,
			);
			defaultConfigurationIsVisible = 0;
			defaultConfigurationName = Release;
		};
/* End XCConfigurationList section */
	};
	rootObject = 3461BF7B21BE53850057924C /* Project object */;
}
